// !$*UTF8*$!
{
	archiveVersion = 1;
	classes = {
	};
	objectVersion = 55;
	objects = {

/* Begin PBXBuildFile section */
		2188EF3F277DCD8B002537CF /* AppDelegate.swift in Sources */ = {isa = PBXBuildFile; fileRef = 2188EF3E277DCD8B002537CF /* AppDelegate.swift */; };
		2188EF41277DCD8B002537CF /* SceneDelegate.swift in Sources */ = {isa = PBXBuildFile; fileRef = 2188EF40277DCD8B002537CF /* SceneDelegate.swift */; };
		2188EF43277DCD8B002537CF /* ViewController.swift in Sources */ = {isa = PBXBuildFile; fileRef = 2188EF42277DCD8B002537CF /* ViewController.swift */; };
		2188EF46277DCD8B002537CF /* Main.storyboard in Resources */ = {isa = PBXBuildFile; fileRef = 2188EF44277DCD8B002537CF /* Main.storyboard */; };
		2188EF48277DCD8E002537CF /* Assets.xcassets in Resources */ = {isa = PBXBuildFile; fileRef = 2188EF47277DCD8E002537CF /* Assets.xcassets */; };
		2188EF4B277DCD8E002537CF /* LaunchScreen.storyboard in Resources */ = {isa = PBXBuildFile; fileRef = 2188EF49277DCD8E002537CF /* LaunchScreen.storyboard */; };
		2188EF55277E16B2002537CF /* QA.swift in Sources */ = {isa = PBXBuildFile; fileRef = 2188EF54277E16B2002537CF /* QA.swift */; };
/* End PBXBuildFile section */

/* Begin PBXFileReference section */
		2188EF3B277DCD8B002537CF /* yone_QA.app */ = {isa = PBXFileReference; explicitFileType = wrapper.application; includeInIndex = 0; path = yone_QA.app; sourceTree = BUILT_PRODUCTS_DIR; };
		2188EF3E277DCD8B002537CF /* AppDelegate.swift */ = {isa = PBXFileReference; lastKnownFileType = sourcecode.swift; path = AppDelegate.swift; sourceTree = "<group>"; };
		2188EF40277DCD8B002537CF /* SceneDelegate.swift */ = {isa = PBXFileReference; lastKnownFileType = sourcecode.swift; path = SceneDelegate.swift; sourceTree = "<group>"; };
		2188EF42277DCD8B002537CF /* ViewController.swift */ = {isa = PBXFileReference; lastKnownFileType = sourcecode.swift; path = ViewController.swift; sourceTree = "<group>"; };
		2188EF45277DCD8B002537CF /* Base */ = {isa = PBXFileReference; lastKnownFileType = file.storyboard; name = Base; path = Base.lproj/Main.storyboard; sourceTree = "<group>"; };
		2188EF47277DCD8E002537CF /* Assets.xcassets */ = {isa = PBXFileReference; lastKnownFileType = folder.assetcatalog; path = Assets.xcassets; sourceTree = "<group>"; };
		2188EF4A277DCD8E002537CF /* Base */ = {isa = PBXFileReference; lastKnownFileType = file.storyboard; name = Base; path = Base.lproj/LaunchScreen.storyboard; sourceTree = "<group>"; };
		2188EF4C277DCD8E002537CF /* Info.plist */ = {isa = PBXFileReference; lastKnownFileType = text.plist.xml; path = Info.plist; sourceTree = "<group>"; };
		2188EF54277E16B2002537CF /* QA.swift */ = {isa = PBXFileReference; lastKnownFileType = sourcecode.swift; path = QA.swift; sourceTree = "<group>"; };
/* End PBXFileReference section */

/* Begin PBXFrameworksBuildPhase section */
		2188EF38277DCD8B002537CF /* Frameworks */ = {
			isa = PBXFrameworksBuildPhase;
			buildActionMask = 2147483647;
			files = (
			);
			runOnlyForDeploymentPostprocessing = 0;
		};
/* End PBXFrameworksBuildPhase section */

/* Begin PBXGroup section */
		2188EF32277DCD8B002537CF = {
			isa = PBXGroup;
			children = (
				2188EF3D277DCD8B002537CF /* yone_QA */,
				2188EF3C277DCD8B002537CF /* Products */,
			);
			sourceTree = "<group>";
		};
		2188EF3C277DCD8B002537CF /* Products */ = {
			isa = PBXGroup;
			children = (
				2188EF3B277DCD8B002537CF /* yone_QA.app */,
			);
			name = Products;
			sourceTree = "<group>";
		};
		2188EF3D277DCD8B002537CF /* yone_QA */ = {
			isa = PBXGroup;
			children = (
				2188EF54277E16B2002537CF /* QA.swift */,
				2188EF3E277DCD8B002537CF /* AppDelegate.swift */,
				2188EF40277DCD8B002537CF /* SceneDelegate.swift */,
				2188EF42277DCD8B002537CF /* ViewController.swift */,
				2188EF44277DCD8B002537CF /* Main.storyboard */,
				2188EF47277DCD8E002537CF /* Assets.xcassets */,
				2188EF49277DCD8E002537CF /* LaunchScreen.storyboard */,
				2188EF4C277DCD8E002537CF /* Info.plist */,
			);
			path = yone_QA;
			sourceTree = "<group>";
		};
/* End PBXGroup section */

/* Begin PBXNativeTarget section */
		2188EF3A277DCD8B002537CF /* yone_QA */ = {
			isa = PBXNativeTarget;
			buildConfigurationList = 2188EF4F277DCD8E002537CF /* Build configuration list for PBXNativeTarget "yone_QA" */;
			buildPhases = (
				2188EF37277DCD8B002537CF /* Sources */,
				2188EF38277DCD8B002537CF /* Frameworks */,
				2188EF39277DCD8B002537CF /* Resources */,
			);
			buildRules = (
			);
			dependencies = (
			);
			name = yone_QA;
			productName = yone_QA;
			productReference = 2188EF3B277DCD8B002537CF /* yone_QA.app */;
			productType = "com.apple.product-type.application";
		};
/* End PBXNativeTarget section */

/* Begin PBXProject section */
		2188EF33277DCD8B002537CF /* Project object */ = {
			isa = PBXProject;
			attributes = {
				BuildIndependentTargetsInParallel = 1;
				LastSwiftUpdateCheck = 1310;
				LastUpgradeCheck = 1310;
				TargetAttributes = {
					2188EF3A277DCD8B002537CF = {
						CreatedOnToolsVersion = 13.1;
					};
				};
			};
			buildConfigurationList = 2188EF36277DCD8B002537CF /* Build configuration list for PBXProject "yone_QA" */;
			compatibilityVersion = "Xcode 13.0";
			developmentRegion = en;
			hasScannedForEncodings = 0;
			knownRegions = (
				en,
				Base,
			);
			mainGroup = 2188EF32277DCD8B002537CF;
			productRefGroup = 2188EF3C277DCD8B002537CF /* Products */;
			projectDirPath = "";
			projectRoot = "";
			targets = (
				2188EF3A277DCD8B002537CF /* yone_QA */,
			);
		};
/* End PBXProject section */

/* Begin PBXResourcesBuildPhase section */
		2188EF39277DCD8B002537CF /* Resources */ = {
			isa = PBXResourcesBuildPhase;
			buildActionMask = 2147483647;
			files = (
				2188EF4B277DCD8E002537CF /* LaunchScreen.storyboard in Resources */,
				2188EF48277DCD8E002537CF /* Assets.xcassets in Resources */,
				2188EF46277DCD8B002537CF /* Main.storyboard in Resources */,
			);
			runOnlyForDeploymentPostprocessing = 0;
		};
/* End PBXResourcesBuildPhase section */

/* Begin PBXSourcesBuildPhase section */
		2188EF37277DCD8B002537CF /* Sources */ = {
			isa = PBXSourcesBuildPhase;
			buildActionMask = 2147483647;
			files = (
				2188EF43277DCD8B002537CF /* ViewController.swift in Sources */,
				2188EF55277E16B2002537CF /* QA.swift in Sources */,
				2188EF3F277DCD8B002537CF /* AppDelegate.swift in Sources */,
				2188EF41277DCD8B002537CF /* SceneDelegate.swift in Sources */,
			);
			runOnlyForDeploymentPostprocessing = 0;
		};
/* End PBXSourcesBuildPhase section */

/* Begin PBXVariantGroup section */
		2188EF44277DCD8B002537CF /* Main.storyboard */ = {
			isa = PBXVariantGroup;
			children = (
				2188EF45277DCD8B002537CF /* Base */,
			);
			name = Main.storyboard;
			sourceTree = "<group>";
		};
		2188EF49277DCD8E002537CF /* LaunchScreen.storyboard */ = {
			isa = PBXVariantGroup;
			children = (
				2188EF4A277DCD8E002537CF /* Base */,
			);
			name = LaunchScreen.storyboard;
			sourceTree = "<group>";
		};
/* End PBXVariantGroup section */

/* Begin XCBuildConfiguration section */
		2188EF4D277DCD8E002537CF /* Debug */ = {
			isa = XCBuildConfiguration;
			buildSettings = {
				ALWAYS_SEARCH_USER_PATHS = NO;
				CLANG_ANALYZER_NONNULL = YES;
				CLANG_ANALYZER_NUMBER_OBJECT_CONVERSION = YES_AGGRESSIVE;
				CLANG_CXX_LANGUAGE_STANDARD = "gnu++17";
				CLANG_CXX_LIBRARY = "libc++";
				CLANG_ENABLE_MODULES = YES;
				CLANG_ENABLE_OBJC_ARC = YES;
				CLANG_ENABLE_OBJC_WEAK = YES;
				CLANG_WARN_BLOCK_CAPTURE_AUTORELEASING = YES;
				CLANG_WARN_BOOL_CONVERSION = YES;
				CLANG_WARN_COMMA = YES;
				CLANG_WARN_CONSTANT_CONVERSION = YES;
				CLANG_WARN_DEPRECATED_OBJC_IMPLEMENTATIONS = YES;
				CLANG_WARN_DIRECT_OBJC_ISA_USAGE = YES_ERROR;
				CLANG_WARN_DOCUMENTATION_COMMENTS = YES;
				CLANG_WARN_EMPTY_BODY = YES;
				CLANG_WARN_ENUM_CONVERSION = YES;
				CLANG_WARN_INFINITE_RECURSION = YES;
				CLANG_WARN_INT_CONVERSION = YES;
				CLANG_WARN_NON_LITERAL_NULL_CONVERSION = YES;
				CLANG_WARN_OBJC_IMPLICIT_RETAIN_SELF = YES;
				CLANG_WARN_OBJC_LITERAL_CONVERSION = YES;
				CLANG_WARN_OBJC_ROOT_CLASS = YES_ERROR;
				CLANG_WARN_QUOTED_INCLUDE_IN_FRAMEWORK_HEADER = YES;
				CLANG_WARN_RANGE_LOOP_ANALYSIS = YES;
				CLANG_WARN_STRICT_PROTOTYPES = YES;
				CLANG_WARN_SUSPICIOUS_MOVE = YES;
				CLANG_WARN_UNGUARDED_AVAILABILITY = YES_AGGRESSIVE;
				CLANG_WARN_UNREACHABLE_CODE = YES;
				CLANG_WARN__DUPLICATE_METHOD_MATCH = YES;
				COPY_PHASE_STRIP = NO;
				DEBUG_INFORMATION_FORMAT = dwarf;
				ENABLE_STRICT_OBJC_MSGSEND = YES;
				ENABLE_TESTABILITY = YES;
				GCC_C_LANGUAGE_STANDARD = gnu11;
				GCC_DYNAMIC_NO_PIC = NO;
				GCC_NO_COMMON_BLOCKS = YES;
				GCC_OPTIMIZATION_LEVEL = 0;
				GCC_PREPROCESSOR_DEFINITIONS = (
					"DEBUG=1",
					"$(inherited)",
				);
				GCC_WARN_64_TO_32_BIT_CONVERSION = YES;
				GCC_WARN_ABOUT_RETURN_TYPE = YES_ERROR;
				GCC_WARN_UNDECLARED_SELECTOR = YES;
				GCC_WARN_UNINITIALIZED_AUTOS = YES_AGGRESSIVE;
				GCC_WARN_UNUSED_FUNCTION = YES;
				GCC_WARN_UNUSED_VARIABLE = YES;
				IPHONEOS_DEPLOYMENT_TARGET = 15.0;
				MTL_ENABLE_DEBUG_INFO = INCLUDE_SOURCE;
				MTL_FAST_MATH = YES;
				ONLY_ACTIVE_ARCH = YES;
				SDKROOT = iphoneos;
				SWIFT_ACTIVE_COMPILATION_CONDITIONS = DEBUG;
				SWIFT_OPTIMIZATION_LEVEL = "-Onone";
			};
			name = Debug;
		};
		2188EF4E277DCD8E002537CF /* Release */ = {
			isa = XCBuildConfiguration;
			buildSettings = {
				ALWAYS_SEARCH_USER_PATHS = NO;
				CLANG_ANALYZER_NONNULL = YES;
				CLANG_ANALYZER_NUMBER_OBJECT_CONVERSION = YES_AGGRESSIVE;
				CLANG_CXX_LANGUAGE_STANDARD = "gnu++17";
				CLANG_CXX_LIBRARY = "libc++";
				CLANG_ENABLE_MODULES = YES;
				CLANG_ENABLE_OBJC_ARC = YES;
				CLANG_ENABLE_OBJC_WEAK = YES;
				CLANG_WARN_BLOCK_CAPTURE_AUTORELEASING = YES;
				CLANG_WARN_BOOL_CONVERSION = YES;
				CLANG_WARN_COMMA = YES;
				CLANG_WARN_CONSTANT_CONVERSION = YES;
				CLANG_WARN_DEPRECATED_OBJC_IMPLEMENTATIONS = YES;
				CLANG_WARN_DIRECT_OBJC_ISA_USAGE = YES_ERROR;
				CLANG_WARN_DOCUMENTATION_COMMENTS = YES;
				CLANG_WARN_EMPTY_BODY = YES;
				CLANG_WARN_ENUM_CONVERSION = YES;
				CLANG_WARN_INFINITE_RECURSION = YES;
				CLANG_WARN_INT_CONVERSION = YES;
				CLANG_WARN_NON_LITERAL_NULL_CONVERSION = YES;
				CLANG_WARN_OBJC_IMPLICIT_RETAIN_SELF = YES;
				CLANG_WARN_OBJC_LITERAL_CONVERSION = YES;
				CLANG_WARN_OBJC_ROOT_CLASS = YES_ERROR;
				CLANG_WARN_QUOTED_INCLUDE_IN_FRAMEWORK_HEADER = YES;
				CLANG_WARN_RANGE_LOOP_ANALYSIS = YES;
				CLANG_WARN_STRICT_PROTOTYPES = YES;
				CLANG_WARN_SUSPICIOUS_MOVE = YES;
				CLANG_WARN_UNGUARDED_AVAILABILITY = YES_AGGRESSIVE;
				CLANG_WARN_UNREACHABLE_CODE = YES;
				CLANG_WARN__DUPLICATE_METHOD_MATCH = YES;
				COPY_PHASE_STRIP = NO;
				DEBUG_INFORMATION_FORMAT = "dwarf-with-dsym";
				ENABLE_NS_ASSERTIONS = NO;
				ENABLE_STRICT_OBJC_MSGSEND = YES;
				GCC_C_LANGUAGE_STANDARD = gnu11;
				GCC_NO_COMMON_BLOCKS = YES;
				GCC_WARN_64_TO_32_BIT_CONVERSION = YES;
				GCC_WARN_ABOUT_RETURN_TYPE = YES_ERROR;
				GCC_WARN_UNDECLARED_SELECTOR = YES;
				GCC_WARN_UNINITIALIZED_AUTOS = YES_AGGRESSIVE;
				GCC_WARN_UNUSED_FUNCTION = YES;
				GCC_WARN_UNUSED_VARIABLE = YES;
				IPHONEOS_DEPLOYMENT_TARGET = 15.0;
				MTL_ENABLE_DEBUG_INFO = NO;
				MTL_FAST_MATH = YES;
				SDKROOT = iphoneos;
				SWIFT_COMPILATION_MODE = wholemodule;
				SWIFT_OPTIMIZATION_LEVEL = "-O";
				VALIDATE_PRODUCT = YES;
			};
			name = Release;
		};
		2188EF50277DCD8E002537CF /* Debug */ = {
			isa = XCBuildConfiguration;
			buildSettings = {
				ASSETCATALOG_COMPILER_APPICON_NAME = AppIcon;
				ASSETCATALOG_COMPILER_GLOBAL_ACCENT_COLOR_NAME = AccentColor;
				CODE_SIGN_STYLE = Automatic;
				CURRENT_PROJECT_VERSION = 1;
				DEVELOPMENT_TEAM = TJ5B4TF24Y;
				GENERATE_INFOPLIST_FILE = YES;
				INFOPLIST_FILE = yone_QA/Info.plist;
				INFOPLIST_KEY_UIApplicationSupportsIndirectInputEvents = YES;
				INFOPLIST_KEY_UILaunchStoryboardName = Main;
				INFOPLIST_KEY_UIMainStoryboardFile = Main;
				INFOPLIST_KEY_UISupportedInterfaceOrientations = "UIInterfaceOrientationLandscapeLeft UIInterfaceOrientationLandscapeRight";
				INFOPLIST_KEY_UISupportedInterfaceOrientations_iPad = "UIInterfaceOrientationPortrait UIInterfaceOrientationPortraitUpsideDown UIInterfaceOrientationLandscapeLeft UIInterfaceOrientationLandscapeRight";
				INFOPLIST_KEY_UISupportedInterfaceOrientations_iPhone = "UIInterfaceOrientationPortrait UIInterfaceOrientationLandscapeLeft UIInterfaceOrientationLandscapeRight";
				LD_RUNPATH_SEARCH_PATHS = (
					"$(inherited)",
					"@executable_path/Frameworks",
				);
				MARKETING_VERSION = 1.0;
				PRODUCT_BUNDLE_IDENTIFIER = "andy.yone-QA";
				PRODUCT_NAME = "$(TARGET_NAME)";
				SWIFT_EMIT_LOC_STRINGS = YES;
				SWIFT_VERSION = 5.0;
				TARGETED_DEVICE_FAMILY = "1,2";
			};
			name = Debug;
		};
		2188EF51277DCD8E002537CF /* Release */ = {
			isa = XCBuildConfiguration;
			buildSettings = {
				ASSETCATALOG_COMPILER_APPICON_NAME = AppIcon;
				ASSETCATALOG_COMPILER_GLOBAL_ACCENT_COLOR_NAME = AccentColor;
				CODE_SIGN_STYLE = Automatic;
				CURRENT_PROJECT_VERSION = 1;
				DEVELOPMENT_TEAM = TJ5B4TF24Y;
				GENERATE_INFOPLIST_FILE = YES;
				INFOPLIST_FILE = yone_QA/Info.plist;
				INFOPLIST_KEY_UIApplicationSupportsIndirectInputEvents = YES;
				INFOPLIST_KEY_UILaunchStoryboardName = Main;
				INFOPLIST_KEY_UIMainStoryboardFile = Main;
				INFOPLIST_KEY_UISupportedInterfaceOrientations = "UIInterfaceOrientationLandscapeLeft UIInterfaceOrientationLandscapeRight";
				INFOPLIST_KEY_UISupportedInterfaceOrientations_iPad = "UIInterfaceOrientationPortrait UIInterfaceOrientationPortraitUpsideDown UIInterfaceOrientationLandscapeLeft UIInterfaceOrientationLandscapeRight";
				INFOPLIST_KEY_UISupportedInterfaceOrientations_iPhone = "UIInterfaceOrientationPortrait UIInterfaceOrientationLandscapeLeft UIInterfaceOrientationLandscapeRight";
				LD_RUNPATH_SEARCH_PATHS = (
					"$(inherited)",
					"@executable_path/Frameworks",
				);
				MARKETING_VERSION = 1.0;
				PRODUCT_BUNDLE_IDENTIFIER = "andy.yone-QA";
				PRODUCT_NAME = "$(TARGET_NAME)";
				SWIFT_EMIT_LOC_STRINGS = YES;
				SWIFT_VERSION = 5.0;
				TARGETED_DEVICE_FAMILY = "1,2";
			};
			name = Release;
		};
/* End XCBuildConfiguration section */

/* Begin XCConfigurationList section */
		2188EF36277DCD8B002537CF /* Build configuration list for PBXProject "yone_QA" */ = {
			isa = XCConfigurationList;
			buildConfigurations = (
				2188EF4D277DCD8E002537CF /* Debug */,
				2188EF4E277DCD8E002537CF /* Release */,
			);
			defaultConfigurationIsVisible = 0;
			defaultConfigurationName = Release;
		};
		2188EF4F277DCD8E002537CF /* Build configuration list for PBXNativeTarget "yone_QA" */ = {
			isa = XCConfigurationList;
			buildConfigurations = (
				2188EF50277DCD8E002537CF /* Debug */,
				2188EF51277DCD8E002537CF /* Release */,
			);
			defaultConfigurationIsVisible = 0;
			defaultConfigurationName = Release;
		};
/* End XCConfigurationList section */
	};
	rootObject = 2188EF33277DCD8B002537CF /* Project object */;
}
